# This file is automatically @generated by Cargo.
# It is not intended for manual editing.
version = 4

[[package]]
name = "localsend-cli"
version = "0.1.0"
dependencies = [
 "localsend-protocol",
]

[[package]]
name = "localsend-daemon"
version = "0.1.0"
dependencies = [
 "localsend-discovery",
 "localsend-protocol",
]

[[package]]
name = "localsend-discovery"
version = "0.1.0"
dependencies = [
 "localsend-protocol",
]

[[package]]
name = "localsend-protocol"
version = "0.1.0"
